{
  "name": "phpbb-listing",
  "version": "1.0.0",
  "lockfileVersion": 2,
  "requires": true,
  "packages": {
    "": {
      "name": "phpbb-listing",
      "version": "1.0.0",
      "license": "ISC",
      "bin": {
        "bb-listing": "lib/index.js"
      },
      "devDependencies": {
        "coffeescript": "^2.7.0"
      }
    },
    "node_modules/coffeescript": {
      "version": "2.7.0",
      "dev": true,
      "license": "MIT",
      "bin": {
        "cake": "bin/cake",
        "coffee": "bin/coffee"
      },
      "engines": {
        "node": ">=6"
      }
    }
  },
  "dependencies": {
    "coffeescript": {
      "version": "2.7.0",
      "dev": true
    }
  }
}
